
Microsoft Visual Studio Solution File, Format Version 12.00
# Visual Studio 15
VisualStudioVersion = 15.0.28307.329
MinimumVisualStudioVersion = 10.0.40219.1
Project("{9A19103F-16F7-4668-BE54-9A1E7A4F7556}") = "PaymentWebApi", "PaymentWebApi\PaymentWebApi.csproj", "{854D7815-D237-44CA-9E93-83A65A43F5CF}"
EndProject
Project("{FAE04EC0-301F-11D3-BF4B-00C04F79EFBC}") = "AngularUI", "AngularUI\AngularUI.csproj", "{66B1D11B-F028-4D3E-96D2-27C7A0AEEE40}"
EndProject
Global
	GlobalSection(SolutionConfigurationPlatforms) = preSolution
		Debug|Any CPU = Debug|Any CPU
		Release|Any CPU = Release|Any CPU
	EndGlobalSection
	GlobalSection(ProjectConfigurationPlatforms) = postSolution
		{854D7815-D237-44CA-9E93-83A65A43F5CF}.Debug|Any CPU.ActiveCfg = Debug|Any CPU
		{854D7815-D237-44CA-9E93-83A65A43F5CF}.Debug|Any CPU.Build.0 = Debug|Any CPU
		{854D7815-D237-44CA-9E93-83A65A43F5CF}.Release|Any CPU.ActiveCfg = Release|Any CPU
		{854D7815-D237-44CA-9E93-83A65A43F5CF}.Release|Any CPU.Build.0 = Release|Any CPU
		{66B1D11B-F028-4D3E-96D2-27C7A0AEEE40}.Debug|Any CPU.ActiveCfg = Debug|Any CPU
		{66B1D11B-F028-4D3E-96D2-27C7A0AEEE40}.Debug|Any CPU.Build.0 = Debug|Any CPU
		{66B1D11B-F028-4D3E-96D2-27C7A0AEEE40}.Release|Any CPU.ActiveCfg = Release|Any CPU
		{66B1D11B-F028-4D3E-96D2-27C7A0AEEE40}.Release|Any CPU.Build.0 = Release|Any CPU
	EndGlobalSection
	GlobalSection(SolutionProperties) = preSolution
		HideSolutionNode = FALSE
	EndGlobalSection
	GlobalSection(ExtensibilityGlobals) = postSolution
		SolutionGuid = {2D402F36-E9D1-4D41-94DC-5A379A44CD19}
	EndGlobalSection
EndGlobal
